
Microsoft Visual Studio Solution File, Format Version 12.00
# Visual Studio 15
VisualStudioVersion = 15.0.27428.2015
MinimumVisualStudioVersion = 10.0.40219.1
Project("{FAE04EC0-301F-11D3-BF4B-00C04F79EFBC}") = "Ui", "Ui\Ui.csproj", "{E9A9418A-4D15-4C42-9EB8-A393821D1862}"
EndProject
Project("{FAE04EC0-301F-11D3-BF4B-00C04F79EFBC}") = "DataAccess", "DataAccess\DataAccess.csproj", "{162136BC-3507-43A0-B8AF-3866172A223B}"
EndProject
Project("{FAE04EC0-301F-11D3-BF4B-00C04F79EFBC}") = "Model", "Model\Model.csproj", "{CA1372A5-13B8-4561-8F9E-7E32DAA71DBF}"
EndProject
Project("{FAE04EC0-301F-11D3-BF4B-00C04F79EFBC}") = "Test", "Test\Test.csproj", "{CC150561-2737-499B-94B6-76E19012B485}"
EndProject
Project("{FAE04EC0-301F-11D3-BF4B-00C04F79EFBC}") = "Controller", "Controller\Controller.csproj", "{EEED78B3-C29F-466F-95BE-061C316F48A2}"
EndProject
Global
	GlobalSection(SolutionConfigurationPlatforms) = preSolution
		Debug|Any CPU = Debug|Any CPU
		Release|Any CPU = Release|Any CPU
	EndGlobalSection
	GlobalSection(ProjectConfigurationPlatforms) = postSolution
		{E9A9418A-4D15-4C42-9EB8-A393821D1862}.Debug|Any CPU.ActiveCfg = Debug|Any CPU
		{E9A9418A-4D15-4C42-9EB8-A393821D1862}.Debug|Any CPU.Build.0 = Debug|Any CPU
		{E9A9418A-4D15-4C42-9EB8-A393821D1862}.Release|Any CPU.ActiveCfg = Release|Any CPU
		{E9A9418A-4D15-4C42-9EB8-A393821D1862}.Release|Any CPU.Build.0 = Release|Any CPU
		{162136BC-3507-43A0-B8AF-3866172A223B}.Debug|Any CPU.ActiveCfg = Debug|Any CPU
		{162136BC-3507-43A0-B8AF-3866172A223B}.Debug|Any CPU.Build.0 = Debug|Any CPU
		{162136BC-3507-43A0-B8AF-3866172A223B}.Release|Any CPU.ActiveCfg = Release|Any CPU
		{162136BC-3507-43A0-B8AF-3866172A223B}.Release|Any CPU.Build.0 = Release|Any CPU
		{CA1372A5-13B8-4561-8F9E-7E32DAA71DBF}.Debug|Any CPU.ActiveCfg = Debug|Any CPU
		{CA1372A5-13B8-4561-8F9E-7E32DAA71DBF}.Debug|Any CPU.Build.0 = Debug|Any CPU
		{CA1372A5-13B8-4561-8F9E-7E32DAA71DBF}.Release|Any CPU.ActiveCfg = Release|Any CPU
		{CA1372A5-13B8-4561-8F9E-7E32DAA71DBF}.Release|Any CPU.Build.0 = Release|Any CPU
		{CC150561-2737-499B-94B6-76E19012B485}.Debug|Any CPU.ActiveCfg = Debug|Any CPU
		{CC150561-2737-499B-94B6-76E19012B485}.Debug|Any CPU.Build.0 = Debug|Any CPU
		{CC150561-2737-499B-94B6-76E19012B485}.Release|Any CPU.ActiveCfg = Release|Any CPU
		{CC150561-2737-499B-94B6-76E19012B485}.Release|Any CPU.Build.0 = Release|Any CPU
		{EEED78B3-C29F-466F-95BE-061C316F48A2}.Debug|Any CPU.ActiveCfg = Debug|Any CPU
		{EEED78B3-C29F-466F-95BE-061C316F48A2}.Debug|Any CPU.Build.0 = Debug|Any CPU
		{EEED78B3-C29F-466F-95BE-061C316F48A2}.Release|Any CPU.ActiveCfg = Release|Any CPU
		{EEED78B3-C29F-466F-95BE-061C316F48A2}.Release|Any CPU.Build.0 = Release|Any CPU
	EndGlobalSection
	GlobalSection(SolutionProperties) = preSolution
		HideSolutionNode = FALSE
	EndGlobalSection
	GlobalSection(ExtensibilityGlobals) = postSolution
		SolutionGuid = {13EA7037-10BA-4271-8833-812B780F2ED5}
	EndGlobalSection
EndGlobal
