
Microsoft Visual Studio Solution File, Format Version 12.00
# Visual Studio 15
VisualStudioVersion = 15.0.27428.2005
MinimumVisualStudioVersion = 10.0.40219.1
Project("{FAE04EC0-301F-11D3-BF4B-00C04F79EFBC}") = "Ui", "Ui\Ui.csproj", "{E1F0AC62-D820-470D-B46C-11EC65C51802}"
EndProject
Project("{FAE04EC0-301F-11D3-BF4B-00C04F79EFBC}") = "Business", "Business\Business.csproj", "{0E6E5338-C807-4C36-B1D9-98080C55293A}"
EndProject
Project("{FAE04EC0-301F-11D3-BF4B-00C04F79EFBC}") = "Entity", "Entity\Entity.csproj", "{BF41345E-1FC3-4503-BA51-5462785F9387}"
EndProject
Project("{FAE04EC0-301F-11D3-BF4B-00C04F79EFBC}") = "Dao", "Dao\Dao.csproj", "{38B0EE86-E850-4BDB-9FB1-99F7202715CD}"
EndProject
Global
	GlobalSection(SolutionConfigurationPlatforms) = preSolution
		Debug|Any CPU = Debug|Any CPU
		Debug|x64 = Debug|x64
		Release|Any CPU = Release|Any CPU
		Release|x64 = Release|x64
	EndGlobalSection
	GlobalSection(ProjectConfigurationPlatforms) = postSolution
		{E1F0AC62-D820-470D-B46C-11EC65C51802}.Debug|Any CPU.ActiveCfg = Debug|Any CPU
		{E1F0AC62-D820-470D-B46C-11EC65C51802}.Debug|Any CPU.Build.0 = Debug|Any CPU
		{E1F0AC62-D820-470D-B46C-11EC65C51802}.Debug|x64.ActiveCfg = Debug|x64
		{E1F0AC62-D820-470D-B46C-11EC65C51802}.Debug|x64.Build.0 = Debug|x64
		{E1F0AC62-D820-470D-B46C-11EC65C51802}.Release|Any CPU.ActiveCfg = Release|Any CPU
		{E1F0AC62-D820-470D-B46C-11EC65C51802}.Release|Any CPU.Build.0 = Release|Any CPU
		{E1F0AC62-D820-470D-B46C-11EC65C51802}.Release|x64.ActiveCfg = Release|x64
		{E1F0AC62-D820-470D-B46C-11EC65C51802}.Release|x64.Build.0 = Release|x64
		{0E6E5338-C807-4C36-B1D9-98080C55293A}.Debug|Any CPU.ActiveCfg = Debug|Any CPU
		{0E6E5338-C807-4C36-B1D9-98080C55293A}.Debug|Any CPU.Build.0 = Debug|Any CPU
		{0E6E5338-C807-4C36-B1D9-98080C55293A}.Debug|x64.ActiveCfg = Debug|x64
		{0E6E5338-C807-4C36-B1D9-98080C55293A}.Debug|x64.Build.0 = Debug|x64
		{0E6E5338-C807-4C36-B1D9-98080C55293A}.Release|Any CPU.ActiveCfg = Release|Any CPU
		{0E6E5338-C807-4C36-B1D9-98080C55293A}.Release|Any CPU.Build.0 = Release|Any CPU
		{0E6E5338-C807-4C36-B1D9-98080C55293A}.Release|x64.ActiveCfg = Release|x64
		{0E6E5338-C807-4C36-B1D9-98080C55293A}.Release|x64.Build.0 = Release|x64
		{BF41345E-1FC3-4503-BA51-5462785F9387}.Debug|Any CPU.ActiveCfg = Debug|Any CPU
		{BF41345E-1FC3-4503-BA51-5462785F9387}.Debug|Any CPU.Build.0 = Debug|Any CPU
		{BF41345E-1FC3-4503-BA51-5462785F9387}.Debug|x64.ActiveCfg = Debug|x64
		{BF41345E-1FC3-4503-BA51-5462785F9387}.Debug|x64.Build.0 = Debug|x64
		{BF41345E-1FC3-4503-BA51-5462785F9387}.Release|Any CPU.ActiveCfg = Release|Any CPU
		{BF41345E-1FC3-4503-BA51-5462785F9387}.Release|Any CPU.Build.0 = Release|Any CPU
		{BF41345E-1FC3-4503-BA51-5462785F9387}.Release|x64.ActiveCfg = Release|x64
		{BF41345E-1FC3-4503-BA51-5462785F9387}.Release|x64.Build.0 = Release|x64
		{38B0EE86-E850-4BDB-9FB1-99F7202715CD}.Debug|Any CPU.ActiveCfg = Debug|Any CPU
		{38B0EE86-E850-4BDB-9FB1-99F7202715CD}.Debug|Any CPU.Build.0 = Debug|Any CPU
		{38B0EE86-E850-4BDB-9FB1-99F7202715CD}.Debug|x64.ActiveCfg = Debug|x64
		{38B0EE86-E850-4BDB-9FB1-99F7202715CD}.Debug|x64.Build.0 = Debug|x64
		{38B0EE86-E850-4BDB-9FB1-99F7202715CD}.Release|Any CPU.ActiveCfg = Release|Any CPU
		{38B0EE86-E850-4BDB-9FB1-99F7202715CD}.Release|Any CPU.Build.0 = Release|Any CPU
		{38B0EE86-E850-4BDB-9FB1-99F7202715CD}.Release|x64.ActiveCfg = Release|x64
		{38B0EE86-E850-4BDB-9FB1-99F7202715CD}.Release|x64.Build.0 = Release|x64
	EndGlobalSection
	GlobalSection(SolutionProperties) = preSolution
		HideSolutionNode = FALSE
	EndGlobalSection
	GlobalSection(ExtensibilityGlobals) = postSolution
		SolutionGuid = {3169A453-1AA5-4233-8CCD-1F8FA17139FD}
	EndGlobalSection
EndGlobal
